
Microsoft Visual Studio Solution File, Format Version 12.00
# Visual Studio Version 17
VisualStudioVersion = 17.3.32929.385
MinimumVisualStudioVersion = 10.0.40219.1
Project("{9A19103F-16F7-4668-BE54-9A1E7A4F7556}") = "API", "API\API.csproj", "{597EEC4A-599C-43A5-AE6B-139FEEB737E0}"
EndProject
Project("{9A19103F-16F7-4668-BE54-9A1E7A4F7556}") = "Application", "Core\Application.csproj", "{71C90239-F04C-410C-8196-29A161C8A511}"
EndProject
Project("{9A19103F-16F7-4668-BE54-9A1E7A4F7556}") = "Persistence", "Persistence\Persistence.csproj", "{1431F2BE-C2B4-4272-948E-61452111C8D9}"
EndProject
Project("{2150E333-8FDC-42A3-9474-1A3956D46DE8}") = "Core", "Core", "{BCD73152-39C3-47E8-B827-2912F1183AFD}"
EndProject
Project("{9A19103F-16F7-4668-BE54-9A1E7A4F7556}") = "Domain", "Domain\Domain.csproj", "{0C111419-5084-4333-8377-03164C3FAE5A}"
EndProject
Project("{2150E333-8FDC-42A3-9474-1A3956D46DE8}") = "Infrastructure", "Infrastructure", "{2BCF3210-C3F8-497D-A767-ADF9868E9E2F}"
EndProject
Project("{FAE04EC0-301F-11D3-BF4B-00C04F79EFBC}") = "Business", "Business\Business.csproj", "{DF192CD8-87B6-443C-958C-A090B3C7ABCE}"
EndProject
Project("{2150E333-8FDC-42A3-9474-1A3956D46DE8}") = "DI", "DI", "{FC6E80F9-3EBF-40EC-B248-F6A56B581333}"
EndProject
Project("{FAE04EC0-301F-11D3-BF4B-00C04F79EFBC}") = "Application", "Application\Application.csproj", "{F25C77A6-AF6E-496D-93E2-D31F6E19EC4E}"
EndProject
Project("{FAE04EC0-301F-11D3-BF4B-00C04F79EFBC}") = "Repository", "Repository\Repository.csproj", "{5522602E-47E7-420E-88DF-CFB5D5D0FF16}"
EndProject
Global
	GlobalSection(SolutionConfigurationPlatforms) = preSolution
		Debug|Any CPU = Debug|Any CPU
		Release|Any CPU = Release|Any CPU
	EndGlobalSection
	GlobalSection(ProjectConfigurationPlatforms) = postSolution
		{597EEC4A-599C-43A5-AE6B-139FEEB737E0}.Debug|Any CPU.ActiveCfg = Debug|Any CPU
		{597EEC4A-599C-43A5-AE6B-139FEEB737E0}.Debug|Any CPU.Build.0 = Debug|Any CPU
		{597EEC4A-599C-43A5-AE6B-139FEEB737E0}.Release|Any CPU.ActiveCfg = Release|Any CPU
		{597EEC4A-599C-43A5-AE6B-139FEEB737E0}.Release|Any CPU.Build.0 = Release|Any CPU
		{71C90239-F04C-410C-8196-29A161C8A511}.Debug|Any CPU.ActiveCfg = Debug|Any CPU
		{71C90239-F04C-410C-8196-29A161C8A511}.Debug|Any CPU.Build.0 = Debug|Any CPU
		{71C90239-F04C-410C-8196-29A161C8A511}.Release|Any CPU.ActiveCfg = Release|Any CPU
		{71C90239-F04C-410C-8196-29A161C8A511}.Release|Any CPU.Build.0 = Release|Any CPU
		{1431F2BE-C2B4-4272-948E-61452111C8D9}.Debug|Any CPU.ActiveCfg = Debug|Any CPU
		{1431F2BE-C2B4-4272-948E-61452111C8D9}.Debug|Any CPU.Build.0 = Debug|Any CPU
		{1431F2BE-C2B4-4272-948E-61452111C8D9}.Release|Any CPU.ActiveCfg = Release|Any CPU
		{1431F2BE-C2B4-4272-948E-61452111C8D9}.Release|Any CPU.Build.0 = Release|Any CPU
		{0C111419-5084-4333-8377-03164C3FAE5A}.Debug|Any CPU.ActiveCfg = Debug|Any CPU
		{0C111419-5084-4333-8377-03164C3FAE5A}.Debug|Any CPU.Build.0 = Debug|Any CPU
		{0C111419-5084-4333-8377-03164C3FAE5A}.Release|Any CPU.ActiveCfg = Release|Any CPU
		{0C111419-5084-4333-8377-03164C3FAE5A}.Release|Any CPU.Build.0 = Release|Any CPU
		{DF192CD8-87B6-443C-958C-A090B3C7ABCE}.Debug|Any CPU.ActiveCfg = Debug|Any CPU
		{DF192CD8-87B6-443C-958C-A090B3C7ABCE}.Debug|Any CPU.Build.0 = Debug|Any CPU
		{DF192CD8-87B6-443C-958C-A090B3C7ABCE}.Release|Any CPU.ActiveCfg = Release|Any CPU
		{DF192CD8-87B6-443C-958C-A090B3C7ABCE}.Release|Any CPU.Build.0 = Release|Any CPU
		{F25C77A6-AF6E-496D-93E2-D31F6E19EC4E}.Debug|Any CPU.ActiveCfg = Debug|Any CPU
		{F25C77A6-AF6E-496D-93E2-D31F6E19EC4E}.Debug|Any CPU.Build.0 = Debug|Any CPU
		{F25C77A6-AF6E-496D-93E2-D31F6E19EC4E}.Release|Any CPU.ActiveCfg = Release|Any CPU
		{F25C77A6-AF6E-496D-93E2-D31F6E19EC4E}.Release|Any CPU.Build.0 = Release|Any CPU
		{5522602E-47E7-420E-88DF-CFB5D5D0FF16}.Debug|Any CPU.ActiveCfg = Debug|Any CPU
		{5522602E-47E7-420E-88DF-CFB5D5D0FF16}.Debug|Any CPU.Build.0 = Debug|Any CPU
		{5522602E-47E7-420E-88DF-CFB5D5D0FF16}.Release|Any CPU.ActiveCfg = Release|Any CPU
		{5522602E-47E7-420E-88DF-CFB5D5D0FF16}.Release|Any CPU.Build.0 = Release|Any CPU
	EndGlobalSection
	GlobalSection(SolutionProperties) = preSolution
		HideSolutionNode = FALSE
	EndGlobalSection
	GlobalSection(NestedProjects) = preSolution
		{71C90239-F04C-410C-8196-29A161C8A511} = {BCD73152-39C3-47E8-B827-2912F1183AFD}
		{1431F2BE-C2B4-4272-948E-61452111C8D9} = {2BCF3210-C3F8-497D-A767-ADF9868E9E2F}
		{0C111419-5084-4333-8377-03164C3FAE5A} = {BCD73152-39C3-47E8-B827-2912F1183AFD}
		{F25C77A6-AF6E-496D-93E2-D31F6E19EC4E} = {FC6E80F9-3EBF-40EC-B248-F6A56B581333}
		{5522602E-47E7-420E-88DF-CFB5D5D0FF16} = {FC6E80F9-3EBF-40EC-B248-F6A56B581333}
	EndGlobalSection
	GlobalSection(ExtensibilityGlobals) = postSolution
		SolutionGuid = {0DFBAB9D-AB92-4FBB-9E6E-7F0EC37C4D6B}
	EndGlobalSection
EndGlobal
